// !$*UTF8*$!
{
	archiveVersion = 1;
	classes = {
	};
	objectVersion = 46;
	objects = {

/* Begin PBXBuildFile section */
		290DD706BE8343927CE08616 /* libPods-sqliteDemo.a in Frameworks */ = {isa = PBXBuildFile; fileRef = 580325613C93DB9331CC3FEE /* libPods-sqliteDemo.a */; };
		D87B2ADF1ED3E5E1007FB992 /* main.m in Sources */ = {isa = PBXBuildFile; fileRef = D87B2ADE1ED3E5E1007FB992 /* main.m */; };
		D87B2AE21ED3E5E1007FB992 /* AppDelegate.m in Sources */ = {isa = PBXBuildFile; fileRef = D87B2AE11ED3E5E1007FB992 /* AppDelegate.m */; };
		D87B2AE51ED3E5E1007FB992 /* ViewController.m in Sources */ = {isa = PBXBuildFile; fileRef = D87B2AE41ED3E5E1007FB992 /* ViewController.m */; };
		D87B2AE81ED3E5E1007FB992 /* Main.storyboard in Resources */ = {isa = PBXBuildFile; fileRef = D87B2AE61ED3E5E1007FB992 /* Main.storyboard */; };
		D87B2AEA1ED3E5E1007FB992 /* Assets.xcassets in Resources */ = {isa = PBXBuildFile; fileRef = D87B2AE91ED3E5E1007FB992 /* Assets.xcassets */; };
		D87B2AED1ED3E5E1007FB992 /* LaunchScreen.storyboard in Resources */ = {isa = PBXBuildFile; fileRef = D87B2AEB1ED3E5E1007FB992 /* LaunchScreen.storyboard */; };
		D87B2AF61ED3E602007FB992 /* PModel.m in Sources */ = {isa = PBXBuildFile; fileRef = D87B2AF51ED3E602007FB992 /* PModel.m */; };
		D87B2AF91ED3E63A007FB992 /* libsqlite3.0.tbd in Frameworks */ = {isa = PBXBuildFile; fileRef = D87B2AF81ED3E63A007FB992 /* libsqlite3.0.tbd */; };
/* End PBXBuildFile section */

/* Begin PBXFileReference section */
		0A4388218809B1C19F54D405 /* Pods-sqliteDemo.debug.xcconfig */ = {isa = PBXFileReference; includeInIndex = 1; lastKnownFileType = text.xcconfig; name = "Pods-sqliteDemo.debug.xcconfig"; path = "Pods/Target Support Files/Pods-sqliteDemo/Pods-sqliteDemo.debug.xcconfig"; sourceTree = "<group>"; };
		580325613C93DB9331CC3FEE /* libPods-sqliteDemo.a */ = {isa = PBXFileReference; explicitFileType = archive.ar; includeInIndex = 0; path = "libPods-sqliteDemo.a"; sourceTree = BUILT_PRODUCTS_DIR; };
		7B70AA9DC78B9D9570F23428 /* Pods-sqliteDemo.release.xcconfig */ = {isa = PBXFileReference; includeInIndex = 1; lastKnownFileType = text.xcconfig; name = "Pods-sqliteDemo.release.xcconfig"; path = "Pods/Target Support Files/Pods-sqliteDemo/Pods-sqliteDemo.release.xcconfig"; sourceTree = "<group>"; };
		D87B2ADA1ED3E5E1007FB992 /* sqliteDemo.app */ = {isa = PBXFileReference; explicitFileType = wrapper.application; includeInIndex = 0; path = sqliteDemo.app; sourceTree = BUILT_PRODUCTS_DIR; };
		D87B2ADE1ED3E5E1007FB992 /* main.m */ = {isa = PBXFileReference; lastKnownFileType = sourcecode.c.objc; path = main.m; sourceTree = "<group>"; };
		D87B2AE01ED3E5E1007FB992 /* AppDelegate.h */ = {isa = PBXFileReference; lastKnownFileType = sourcecode.c.h; path = AppDelegate.h; sourceTree = "<group>"; };
		D87B2AE11ED3E5E1007FB992 /* AppDelegate.m */ = {isa = PBXFileReference; lastKnownFileType = sourcecode.c.objc; path = AppDelegate.m; sourceTree = "<group>"; };
		D87B2AE31ED3E5E1007FB992 /* ViewController.h */ = {isa = PBXFileReference; lastKnownFileType = sourcecode.c.h; path = ViewController.h; sourceTree = "<group>"; };
		D87B2AE41ED3E5E1007FB992 /* ViewController.m */ = {isa = PBXFileReference; lastKnownFileType = sourcecode.c.objc; path = ViewController.m; sourceTree = "<group>"; };
		D87B2AE71ED3E5E1007FB992 /* Base */ = {isa = PBXFileReference; lastKnownFileType = file.storyboard; name = Base; path = Base.lproj/Main.storyboard; sourceTree = "<group>"; };
		D87B2AE91ED3E5E1007FB992 /* Assets.xcassets */ = {isa = PBXFileReference; lastKnownFileType = folder.assetcatalog; path = Assets.xcassets; sourceTree = "<group>"; };
		D87B2AEC1ED3E5E1007FB992 /* Base */ = {isa = PBXFileReference; lastKnownFileType = file.storyboard; name = Base; path = Base.lproj/LaunchScreen.storyboard; sourceTree = "<group>"; };
		D87B2AEE1ED3E5E1007FB992 /* Info.plist */ = {isa = PBXFileReference; lastKnownFileType = text.plist.xml; path = Info.plist; sourceTree = "<group>"; };
		D87B2AF41ED3E602007FB992 /* PModel.h */ = {isa = PBXFileReference; fileEncoding = 4; lastKnownFileType = sourcecode.c.h; path = PModel.h; sourceTree = "<group>"; };
		D87B2AF51ED3E602007FB992 /* PModel.m */ = {isa = PBXFileReference; fileEncoding = 4; lastKnownFileType = sourcecode.c.objc; path = PModel.m; sourceTree = "<group>"; };
		D87B2AF81ED3E63A007FB992 /* libsqlite3.0.tbd */ = {isa = PBXFileReference; lastKnownFileType = "sourcecode.text-based-dylib-definition"; name = libsqlite3.0.tbd; path = usr/lib/libsqlite3.0.tbd; sourceTree = SDKROOT; };
/* End PBXFileReference section */

/* Begin PBXFrameworksBuildPhase section */
		D87B2AD71ED3E5E1007FB992 /* Frameworks */ = {
			isa = PBXFrameworksBuildPhase;
			buildActionMask = 2147483647;
			files = (
				D87B2AF91ED3E63A007FB992 /* libsqlite3.0.tbd in Frameworks */,
				290DD706BE8343927CE08616 /* libPods-sqliteDemo.a in Frameworks */,
			);
			runOnlyForDeploymentPostprocessing = 0;
		};
/* End PBXFrameworksBuildPhase section */

/* Begin PBXGroup section */
		23DC2763A382F75180DD9E00 /* Pods */ = {
			isa = PBXGroup;
			children = (
				0A4388218809B1C19F54D405 /* Pods-sqliteDemo.debug.xcconfig */,
				7B70AA9DC78B9D9570F23428 /* Pods-sqliteDemo.release.xcconfig */,
			);
			name = Pods;
			sourceTree = "<group>";
		};
		D87B2AD11ED3E5E1007FB992 = {
			isa = PBXGroup;
			children = (
				D87B2ADC1ED3E5E1007FB992 /* sqliteDemo */,
				D87B2ADB1ED3E5E1007FB992 /* Products */,
				D87B2AF71ED3E63A007FB992 /* Frameworks */,
				23DC2763A382F75180DD9E00 /* Pods */,
			);
			sourceTree = "<group>";
		};
		D87B2ADB1ED3E5E1007FB992 /* Products */ = {
			isa = PBXGroup;
			children = (
				D87B2ADA1ED3E5E1007FB992 /* sqliteDemo.app */,
			);
			name = Products;
			sourceTree = "<group>";
		};
		D87B2ADC1ED3E5E1007FB992 /* sqliteDemo */ = {
			isa = PBXGroup;
			children = (
				D87B2AF41ED3E602007FB992 /* PModel.h */,
				D87B2AF51ED3E602007FB992 /* PModel.m */,
				D87B2AE01ED3E5E1007FB992 /* AppDelegate.h */,
				D87B2AE11ED3E5E1007FB992 /* AppDelegate.m */,
				D87B2AE31ED3E5E1007FB992 /* ViewController.h */,
				D87B2AE41ED3E5E1007FB992 /* ViewController.m */,
				D87B2AE61ED3E5E1007FB992 /* Main.storyboard */,
				D87B2AE91ED3E5E1007FB992 /* Assets.xcassets */,
				D87B2AEB1ED3E5E1007FB992 /* LaunchScreen.storyboard */,
				D87B2AEE1ED3E5E1007FB992 /* Info.plist */,
				D87B2ADD1ED3E5E1007FB992 /* Supporting Files */,
			);
			path = sqliteDemo;
			sourceTree = "<group>";
		};
		D87B2ADD1ED3E5E1007FB992 /* Supporting Files */ = {
			isa = PBXGroup;
			children = (
				D87B2ADE1ED3E5E1007FB992 /* main.m */,
			);
			name = "Supporting Files";
			sourceTree = "<group>";
		};
		D87B2AF71ED3E63A007FB992 /* Frameworks */ = {
			isa = PBXGroup;
			children = (
				D87B2AF81ED3E63A007FB992 /* libsqlite3.0.tbd */,
				580325613C93DB9331CC3FEE /* libPods-sqliteDemo.a */,
			);
			name = Frameworks;
			sourceTree = "<group>";
		};
/* End PBXGroup section */

/* Begin PBXNativeTarget section */
		D87B2AD91ED3E5E1007FB992 /* sqliteDemo */ = {
			isa = PBXNativeTarget;
			buildConfigurationList = D87B2AF11ED3E5E1007FB992 /* Build configuration list for PBXNativeTarget "sqliteDemo" */;
			buildPhases = (
				F7B84CFBAFE1A0035EEC8DF7 /* [CP] Check Pods Manifest.lock */,
				D87B2AD61ED3E5E1007FB992 /* Sources */,
				D87B2AD71ED3E5E1007FB992 /* Frameworks */,
				D87B2AD81ED3E5E1007FB992 /* Resources */,
				D8E0FAA6B747AED660D42B19 /* [CP] Embed Pods Frameworks */,
				D0AEF6CAB0785886F50C8FBE /* [CP] Copy Pods Resources */,
			);
			buildRules = (
			);
			dependencies = (
			);
			name = sqliteDemo;
			productName = sqliteDemo;
			productReference = D87B2ADA1ED3E5E1007FB992 /* sqliteDemo.app */;
			productType = "com.apple.product-type.application";
		};
/* End PBXNativeTarget section */

/* Begin PBXProject section */
		D87B2AD21ED3E5E1007FB992 /* Project object */ = {
			isa = PBXProject;
			attributes = {
				LastUpgradeCheck = 0830;
				ORGANIZATIONNAME = roc;
				TargetAttributes = {
					D87B2AD91ED3E5E1007FB992 = {
						CreatedOnToolsVersion = 8.3.2;
						ProvisioningStyle = Automatic;
					};
				};
			};
			buildConfigurationList = D87B2AD51ED3E5E1007FB992 /* Build configuration list for PBXProject "sqliteDemo" */;
			compatibilityVersion = "Xcode 3.2";
			developmentRegion = English;
			hasScannedForEncodings = 0;
			knownRegions = (
				en,
				Base,
			);
			mainGroup = D87B2AD11ED3E5E1007FB992;
			productRefGroup = D87B2ADB1ED3E5E1007FB992 /* Products */;
			projectDirPath = "";
			projectRoot = "";
			targets = (
				D87B2AD91ED3E5E1007FB992 /* sqliteDemo */,
			);
		};
/* End PBXProject section */

/* Begin PBXResourcesBuildPhase section */
		D87B2AD81ED3E5E1007FB992 /* Resources */ = {
			isa = PBXResourcesBuildPhase;
			buildActionMask = 2147483647;
			files = (
				D87B2AED1ED3E5E1007FB992 /* LaunchScreen.storyboard in Resources */,
				D87B2AEA1ED3E5E1007FB992 /* Assets.xcassets in Resources */,
				D87B2AE81ED3E5E1007FB992 /* Main.storyboard in Resources */,
			);
			runOnlyForDeploymentPostprocessing = 0;
		};
/* End PBXResourcesBuildPhase section */

/* Begin PBXShellScriptBuildPhase section */
		D0AEF6CAB0785886F50C8FBE /* [CP] Copy Pods Resources */ = {
			isa = PBXShellScriptBuildPhase;
			buildActionMask = 2147483647;
			files = (
			);
			inputPaths = (
			);
			name = "[CP] Copy Pods Resources";
			outputPaths = (
			);
			runOnlyForDeploymentPostprocessing = 0;
			shellPath = /bin/sh;
			shellScript = "\"${SRCROOT}/Pods/Target Support Files/Pods-sqliteDemo/Pods-sqliteDemo-resources.sh\"\n";
			showEnvVarsInLog = 0;
		};
		D8E0FAA6B747AED660D42B19 /* [CP] Embed Pods Frameworks */ = {
			isa = PBXShellScriptBuildPhase;
			buildActionMask = 2147483647;
			files = (
			);
			inputPaths = (
			);
			name = "[CP] Embed Pods Frameworks";
			outputPaths = (
			);
			runOnlyForDeploymentPostprocessing = 0;
			shellPath = /bin/sh;
			shellScript = "\"${SRCROOT}/Pods/Target Support Files/Pods-sqliteDemo/Pods-sqliteDemo-frameworks.sh\"\n";
			showEnvVarsInLog = 0;
		};
		F7B84CFBAFE1A0035EEC8DF7 /* [CP] Check Pods Manifest.lock */ = {
			isa = PBXShellScriptBuildPhase;
			buildActionMask = 2147483647;
			files = (
			);
			inputPaths = (
			);
			name = "[CP] Check Pods Manifest.lock";
			outputPaths = (
			);
			runOnlyForDeploymentPostprocessing = 0;
			shellPath = /bin/sh;
			shellScript = "diff \"${PODS_ROOT}/../Podfile.lock\" \"${PODS_ROOT}/Manifest.lock\" > /dev/null\nif [ $? != 0 ] ; then\n    # print error to STDERR\n    echo \"error: The sandbox is not in sync with the Podfile.lock. Run 'pod install' or update your CocoaPods installation.\" >&2\n    exit 1\nfi\n";
			showEnvVarsInLog = 0;
		};
/* End PBXShellScriptBuildPhase section */

/* Begin PBXSourcesBuildPhase section */
		D87B2AD61ED3E5E1007FB992 /* Sources */ = {
			isa = PBXSourcesBuildPhase;
			buildActionMask = 2147483647;
			files = (
				D87B2AF61ED3E602007FB992 /* PModel.m in Sources */,
				D87B2AE51ED3E5E1007FB992 /* ViewController.m in Sources */,
				D87B2AE21ED3E5E1007FB992 /* AppDelegate.m in Sources */,
				D87B2ADF1ED3E5E1007FB992 /* main.m in Sources */,
			);
			runOnlyForDeploymentPostprocessing = 0;
		};
/* End PBXSourcesBuildPhase section */

/* Begin PBXVariantGroup section */
		D87B2AE61ED3E5E1007FB992 /* Main.storyboard */ = {
			isa = PBXVariantGroup;
			children = (
				D87B2AE71ED3E5E1007FB992 /* Base */,
			);
			name = Main.storyboard;
			sourceTree = "<group>";
		};
		D87B2AEB1ED3E5E1007FB992 /* LaunchScreen.storyboard */ = {
			isa = PBXVariantGroup;
			children = (
				D87B2AEC1ED3E5E1007FB992 /* Base */,
			);
			name = LaunchScreen.storyboard;
			sourceTree = "<group>";
		};
/* End PBXVariantGroup section */

/* Begin XCBuildConfiguration section */
		D87B2AEF1ED3E5E1007FB992 /* Debug */ = {
			isa = XCBuildConfiguration;
			buildSettings = {
				ALWAYS_SEARCH_USER_PATHS = NO;
				CLANG_ANALYZER_NONNULL = YES;
				CLANG_ANALYZER_NUMBER_OBJECT_CONVERSION = YES_AGGRESSIVE;
				CLANG_CXX_LANGUAGE_STANDARD = "gnu++0x";
				CLANG_CXX_LIBRARY = "libc++";
				CLANG_ENABLE_MODULES = YES;
				CLANG_ENABLE_OBJC_ARC = YES;
				CLANG_WARN_BOOL_CONVERSION = YES;
				CLANG_WARN_CONSTANT_CONVERSION = YES;
				CLANG_WARN_DIRECT_OBJC_ISA_USAGE = YES_ERROR;
				CLANG_WARN_DOCUMENTATION_COMMENTS = YES;
				CLANG_WARN_EMPTY_BODY = YES;
				CLANG_WARN_ENUM_CONVERSION = YES;
				CLANG_WARN_INFINITE_RECURSION = YES;
				CLANG_WARN_INT_CONVERSION = YES;
				CLANG_WARN_OBJC_ROOT_CLASS = YES_ERROR;
				CLANG_WARN_SUSPICIOUS_MOVE = YES;
				CLANG_WARN_UNREACHABLE_CODE = YES;
				CLANG_WARN__DUPLICATE_METHOD_MATCH = YES;
				"CODE_SIGN_IDENTITY[sdk=iphoneos*]" = "iPhone Developer";
				COPY_PHASE_STRIP = NO;
				DEBUG_INFORMATION_FORMAT = dwarf;
				ENABLE_STRICT_OBJC_MSGSEND = YES;
				ENABLE_TESTABILITY = YES;
				GCC_C_LANGUAGE_STANDARD = gnu99;
				GCC_DYNAMIC_NO_PIC = NO;
				GCC_NO_COMMON_BLOCKS = YES;
				GCC_OPTIMIZATION_LEVEL = 0;
				GCC_PREPROCESSOR_DEFINITIONS = (
					"DEBUG=1",
					"$(inherited)",
				);
				GCC_WARN_64_TO_32_BIT_CONVERSION = YES;
				GCC_WARN_ABOUT_RETURN_TYPE = YES_ERROR;
				GCC_WARN_UNDECLARED_SELECTOR = YES;
				GCC_WARN_UNINITIALIZED_AUTOS = YES_AGGRESSIVE;
				GCC_WARN_UNUSED_FUNCTION = YES;
				GCC_WARN_UNUSED_VARIABLE = YES;
				IPHONEOS_DEPLOYMENT_TARGET = 10.3;
				MTL_ENABLE_DEBUG_INFO = YES;
				ONLY_ACTIVE_ARCH = YES;
				SDKROOT = iphoneos;
				TARGETED_DEVICE_FAMILY = "1,2";
			};
			name = Debug;
		};
		D87B2AF01ED3E5E1007FB992 /* Release */ = {
			isa = XCBuildConfiguration;
			buildSettings = {
				ALWAYS_SEARCH_USER_PATHS = NO;
				CLANG_ANALYZER_NONNULL = YES;
				CLANG_ANALYZER_NUMBER_OBJECT_CONVERSION = YES_AGGRESSIVE;
				CLANG_CXX_LANGUAGE_STANDARD = "gnu++0x";
				CLANG_CXX_LIBRARY = "libc++";
				CLANG_ENABLE_MODULES = YES;
				CLANG_ENABLE_OBJC_ARC = YES;
				CLANG_WARN_BOOL_CONVERSION = YES;
				CLANG_WARN_CONSTANT_CONVERSION = YES;
				CLANG_WARN_DIRECT_OBJC_ISA_USAGE = YES_ERROR;
				CLANG_WARN_DOCUMENTATION_COMMENTS = YES;
				CLANG_WARN_EMPTY_BODY = YES;
				CLANG_WARN_ENUM_CONVERSION = YES;
				CLANG_WARN_INFINITE_RECURSION = YES;
				CLANG_WARN_INT_CONVERSION = YES;
				CLANG_WARN_OBJC_ROOT_CLASS = YES_ERROR;
				CLANG_WARN_SUSPICIOUS_MOVE = YES;
				CLANG_WARN_UNREACHABLE_CODE = YES;
				CLANG_WARN__DUPLICATE_METHOD_MATCH = YES;
				"CODE_SIGN_IDENTITY[sdk=iphoneos*]" = "iPhone Developer";
				COPY_PHASE_STRIP = NO;
				DEBUG_INFORMATION_FORMAT = "dwarf-with-dsym";
				ENABLE_NS_ASSERTIONS = NO;
				ENABLE_STRICT_OBJC_MSGSEND = YES;
				GCC_C_LANGUAGE_STANDARD = gnu99;
				GCC_NO_COMMON_BLOCKS = YES;
				GCC_WARN_64_TO_32_BIT_CONVERSION = YES;
				GCC_WARN_ABOUT_RETURN_TYPE = YES_ERROR;
				GCC_WARN_UNDECLARED_SELECTOR = YES;
				GCC_WARN_UNINITIALIZED_AUTOS = YES_AGGRESSIVE;
				GCC_WARN_UNUSED_FUNCTION = YES;
				GCC_WARN_UNUSED_VARIABLE = YES;
				IPHONEOS_DEPLOYMENT_TARGET = 10.3;
				MTL_ENABLE_DEBUG_INFO = NO;
				SDKROOT = iphoneos;
				TARGETED_DEVICE_FAMILY = "1,2";
				VALIDATE_PRODUCT = YES;
			};
			name = Release;
		};
		D87B2AF21ED3E5E1007FB992 /* Debug */ = {
			isa = XCBuildConfiguration;
			baseConfigurationReference = 0A4388218809B1C19F54D405 /* Pods-sqliteDemo.debug.xcconfig */;
			buildSettings = {
				ASSETCATALOG_COMPILER_APPICON_NAME = AppIcon;
				INFOPLIST_FILE = sqliteDemo/Info.plist;
				LD_RUNPATH_SEARCH_PATHS = "$(inherited) @executable_path/Frameworks";
				PRODUCT_BUNDLE_IDENTIFIER = com.roc.sqliteDemo;
				PRODUCT_NAME = "$(TARGET_NAME)";
			};
			name = Debug;
		};
		D87B2AF31ED3E5E1007FB992 /* Release */ = {
			isa = XCBuildConfiguration;
			baseConfigurationReference = 7B70AA9DC78B9D9570F23428 /* Pods-sqliteDemo.release.xcconfig */;
			buildSettings = {
				ASSETCATALOG_COMPILER_APPICON_NAME = AppIcon;
				INFOPLIST_FILE = sqliteDemo/Info.plist;
				LD_RUNPATH_SEARCH_PATHS = "$(inherited) @executable_path/Frameworks";
				PRODUCT_BUNDLE_IDENTIFIER = com.roc.sqliteDemo;
				PRODUCT_NAME = "$(TARGET_NAME)";
			};
			name = Release;
		};
/* End XCBuildConfiguration section */

/* Begin XCConfigurationList section */
		D87B2AD51ED3E5E1007FB992 /* Build configuration list for PBXProject "sqliteDemo" */ = {
			isa = XCConfigurationList;
			buildConfigurations = (
				D87B2AEF1ED3E5E1007FB992 /* Debug */,
				D87B2AF01ED3E5E1007FB992 /* Release */,
			);
			defaultConfigurationIsVisible = 0;
			defaultConfigurationName = Release;
		};
		D87B2AF11ED3E5E1007FB992 /* Build configuration list for PBXNativeTarget "sqliteDemo" */ = {
			isa = XCConfigurationList;
			buildConfigurations = (
				D87B2AF21ED3E5E1007FB992 /* Debug */,
				D87B2AF31ED3E5E1007FB992 /* Release */,
			);
			defaultConfigurationIsVisible = 0;
		};
/* End XCConfigurationList section */
	};
	rootObject = D87B2AD21ED3E5E1007FB992 /* Project object */;
}
